github.com/crazysunsir/webrtcagc v0.1.1 h1:98nygdIFL+/qbqonqZnvmJQAUhyjjFp4pALxnSQG8bY=
github.com/crazysunsir/webrtcagc v0.1.1/go.mod h1:YtiA3rZfdHkVaS5WIktkz1SoT40HODlyY6RvhbQp7OU=
github.com/davecgh/go-spew v1.1.0/go.mod h1:J7Y8YcW2NihsgmVo/mv3lAwl/skON4iLHjSsI+c5H38=
github.com/davecgh/go-spew v1.1.1 h1:vj9j/u1bqnvCEfJOwUhtlOARqs3+rkHYY13jYWTU97c=
github.com/davecgh/go-spew v1.1.1/go.mod h1:J7Y8YcW2NihsgmVo/mv3lAwl/skON4iLHjSsI+c5H38=
github.com/gen2brain/malgo v0.11.24 h1:hHcIJVfzWcEDHFdPl5Dl/CUSOjzOleY0zzAV8Kx+imE=
github.com/gen2brain/malgo v0.11.24/go.mod h1:f9TtuN7DVrXMiV/yIceMeWpvanyVzJQMlBecJFVMxww=
github.com/google/go-cmp v0.5.6 h1:BKbKCqvP6I+rmFHt06ZmyQtvB8xAkWdhFyr0ZUNZcxQ=
github.com/google/go-cmp v0.5.6/go.mod h1:v8dTdLbMG2kIc/vJvl+f65V22dbkXbowE6jgT/gNBxE=
github.com/gorilla/websocket v1.5.3 h1:saDtZ6Pbx/0u+bgYQ3q96pZgCzfhKXGPqt7kZ72aNNg=
github.com/gorilla/websocket v1.5.3/go.mod h1:YR8l580nyteQvAITg2hZ9XVh4b55+EU/adAjf1fMHhE=
github.com/hajimehoshi/go-mp3 v0.3.4 h1:NUP7pBYH8OguP4diaTZ9wJbUbk3tC0KlfzsEpWmYj68=
github.com/hajimehoshi/go-mp3 v0.3.4/go.mod h1:fRtZraRFcWb0pu7ok0LqyFhCUrPeMsGRSVop0eemFmo=
github.com/hajimehoshi/oto/v2 v2.3.1/go.mod h1:seWLbgHH7AyUMYKfKYT9pg7PhUu9/SisyJvNTT+ASQo=
github.com/matoous/go-nanoid v1.5.1 h1:aCjdvTyO9LLnTIi0fgdXhOPPvOHjpXN6Ik9DaNjIct4=
github.com/matoous/go-nanoid v1.5.1/go.mod h1:zyD2a71IubI24efhpvkJz+ZwfwagzgSO6UNiFsZKN7U=
github.com/pkg/errors v0.9.1 h1:FEBLx1zS214owpjy7qsBeixbURkuhQAwrK5UwLGTwt4=
github.com/pkg/errors v0.9.1/go.mod h1:bwawxfHBFNV+L2hUp1rHADufV3IMtnDRdf1r5NINEl0=
github.com/pmezard/go-difflib v1.0.0 h1:4DBwDE0NGyQoBHbLQYPwSUPoCMWR5BEzIk/f1lZbAQM=
github.com/pmezard/go-difflib v1.0.0/go.mod h1:iKH77koFhYxTK1pcRnkKkqfTogsbg7gZNVY4sRDYZ/4=
github.com/shenjinti/dtmfdecoder v0.0.0-20240925071009-3e7fe89f6834 h1:iE9Wt4F9hCTgYA3hfyx2aY6XVnPMGnRF2P+5PmH+J2A=
github.com/shenjinti/dtmfdecoder v0.0.0-20240925071009-3e7fe89f6834/go.mod h1:XkH8HCfaoyglY6PgBJnpAIQNcLDckXRGEffCkw5TZnk=
github.com/shenjinti/go-rnnoise v0.0.0-20240729070840-cd6ef1f9da67 h1:JKf/r2S0UxWfwugxnD7tkdSo7O+NKHsUKSyyTqsF778=
github.com/shenjinti/go-rnnoise v0.0.0-20240729070840-cd6ef1f9da67/go.mod h1:rQKZf7y3aZOzrgGU0Thxicllh51wSzJ78fbZHnTEqIY=
github.com/stretchr/objx v0.1.0/go.mod h1:HFkY916IF+rwdDfMAkV7OtwuqBVzrE8GR6GFx+wExME=
github.com/stretchr/testify v1.6.1/go.mod h1:6Fq8oRcR53rry900zMqJjRRixrwX3KX962/h/Wwjteg=
github.com/stretchr/testify v1.11.1 h1:7s2iGBzp5EwR7/aIZr8ao5+dra3wiQyKjjFuvgVKu7U=
github.com/stretchr/testify v1.11.1/go.mod h1:wZwfW3scLgRK+23gO65QZefKpKQRnfz6sD981Nm4B6U=
github.com/yalue/onnxruntime_go v1.27.0 h1:c1YSgDNtpf0WGtxj3YeRIb8VC5LmM1J+Ve3uHdteC1U=
github.com/yalue/onnxruntime_go v1.27.0/go.mod h1:b4X26A8pekNb1ACJ58wAXgNKeUCGEAQ9dmACut9Sm/4=
github.com/youpy/go-riff v0.1.0 h1:vZO/37nI4tIET8tQI0Qn0Y79qQh99aEpponTPiPut7k=
github.com/youpy/go-riff v0.1.0/go.mod h1:83nxdDV4Z9RzrTut9losK7ve4hUnxUR8ASSz4BsKXwQ=
github.com/youpy/go-wav v0.3.2 h1:NLM8L/7yZ0Bntadw/0h95OyUsen+DQIVf9gay+SUsMU=
github.com/youpy/go-wav v0.3.2/go.mod h1:0FCieAXAeSdcxFfwLpRuEo0PFmAoc+8NU34h7TUvk50=
github.com/zaf/g711 v0.0.0-20190814101024-76a4a538f52b h1:QqixIpc5WFIqTLxB3Hq8qs0qImAgBdq0p6rq2Qdl634=
github.com/zaf/g711 v0.0.0-20190814101024-76a4a538f52b/go.mod h1:T2h1zV50R/q0CVYnsQOQ6L7P4a2ZxH47ixWcMXFGyx8=
golang.org/x/sys v0.0.0-20220712014510-0a85c31ab51e/go.mod h1:oPkhp1MJrh7nUepCBck5+mAzfO9JrbApNNgaTdGDITg=
golang.org/x/xerrors v0.0.0-20191204190536-9bdfabe68543/go.mod h1:I/5z698sn9Ka8TeJc9MKroUUfqBBauWjQqLJ2OPfmY0=
gopkg.in/check.v1 v0.0.0-20161208181325-20d25e280405 h1:yhCVgyC4o1eVCa2tZl7eS0r+SDo693bJlVdllGtEeKM=
gopkg.in/check.v1 v0.0.0-20161208181325-20d25e280405/go.mod h1:Co6ibVJAznAaIkqp8huTwlJQCZ016jof/cbN4VW5Yz0=
gopkg.in/yaml.v3 v3.0.0-20200313102051-9f266ea9e77c/go.mod h1:K4uyk7z7BCEPqu6E+C64Yfv1cQ7kz7rIZviUmN+EgEM=
gopkg.in/yaml.v3 v3.0.1 h1:fxVm/GzAzEWqLHuvctI91KS9hhNmmWOoWu0XTYJS7CA=
gopkg.in/yaml.v3 v3.0.1/go.mod h1:K4uyk7z7BCEPqu6E+C64Yfv1cQ7kz7rIZviUmN+EgEM=
gotest.tools v2.2.0+incompatible h1:VsBPFP1AI068pPrMxtb/S8Zkgf9xEmTLJjfM+P5UIEo=
gotest.tools v2.2.0+incompatible/go.mod h1:DsYFclhRJ6vuDpmuTbkuFWG+y2sxOXAzmJt81HFBacw=
